
Microsoft Visual Studio Solution File, Format Version 12.00
# Visual Studio 15
VisualStudioVersion = 15.0.27703.2042
MinimumVisualStudioVersion = 10.0.40219.1
Project("{FAE04EC0-301F-11D3-BF4B-00C04F79EFBC}") = "AngularJSTest", "AngularJSTest\AngularJSTest.csproj", "{6B041FDE-53D0-42B6-8C81-1B07C4BC6FA0}"
EndProject
Global
	GlobalSection(SolutionConfigurationPlatforms) = preSolution
		Debug|Any CPU = Debug|Any CPU
		Release|Any CPU = Release|Any CPU
	EndGlobalSection
	GlobalSection(ProjectConfigurationPlatforms) = postSolution
		{6B041FDE-53D0-42B6-8C81-1B07C4BC6FA0}.Debug|Any CPU.ActiveCfg = Debug|Any CPU
		{6B041FDE-53D0-42B6-8C81-1B07C4BC6FA0}.Debug|Any CPU.Build.0 = Debug|Any CPU
		{6B041FDE-53D0-42B6-8C81-1B07C4BC6FA0}.Release|Any CPU.ActiveCfg = Release|Any CPU
		{6B041FDE-53D0-42B6-8C81-1B07C4BC6FA0}.Release|Any CPU.Build.0 = Release|Any CPU
	EndGlobalSection
	GlobalSection(SolutionProperties) = preSolution
		HideSolutionNode = FALSE
	EndGlobalSection
	GlobalSection(ExtensibilityGlobals) = postSolution
		SolutionGuid = {F3B0B60A-7E2C-4690-AF13-CA5BE04986AD}
	EndGlobalSection
EndGlobal
