
Microsoft Visual Studio Solution File, Format Version 12.00
# Visual Studio 15
VisualStudioVersion = 15.0.28010.2019
MinimumVisualStudioVersion = 10.0.40219.1
Project("{9A19103F-16F7-4668-BE54-9A1E7A4F7556}") = "TestConsoleApp", "TestConsoleApp\TestConsoleApp.csproj", "{C3C2693F-830D-4D7C-95FE-1DE57CB2C3B1}"
EndProject
Project("{FAE04EC0-301F-11D3-BF4B-00C04F79EFBC}") = "TestConsoleApp.Tests", "TestConsoleApp.Tests\TestConsoleApp.Tests.csproj", "{EE1A460D-62A5-4FDC-A7F7-7F272E06395C}"
EndProject
Global
	GlobalSection(SolutionConfigurationPlatforms) = preSolution
		Debug|Any CPU = Debug|Any CPU
		Release|Any CPU = Release|Any CPU
	EndGlobalSection
	GlobalSection(ProjectConfigurationPlatforms) = postSolution
		{C3C2693F-830D-4D7C-95FE-1DE57CB2C3B1}.Debug|Any CPU.ActiveCfg = Debug|Any CPU
		{C3C2693F-830D-4D7C-95FE-1DE57CB2C3B1}.Debug|Any CPU.Build.0 = Debug|Any CPU
		{C3C2693F-830D-4D7C-95FE-1DE57CB2C3B1}.Release|Any CPU.ActiveCfg = Release|Any CPU
		{C3C2693F-830D-4D7C-95FE-1DE57CB2C3B1}.Release|Any CPU.Build.0 = Release|Any CPU
		{EE1A460D-62A5-4FDC-A7F7-7F272E06395C}.Debug|Any CPU.ActiveCfg = Debug|Any CPU
		{EE1A460D-62A5-4FDC-A7F7-7F272E06395C}.Debug|Any CPU.Build.0 = Debug|Any CPU
		{EE1A460D-62A5-4FDC-A7F7-7F272E06395C}.Release|Any CPU.ActiveCfg = Release|Any CPU
		{EE1A460D-62A5-4FDC-A7F7-7F272E06395C}.Release|Any CPU.Build.0 = Release|Any CPU
	EndGlobalSection
	GlobalSection(SolutionProperties) = preSolution
		HideSolutionNode = FALSE
	EndGlobalSection
	GlobalSection(ExtensibilityGlobals) = postSolution
		SolutionGuid = {4B3BC58E-634F-427F-80B8-FBDF050465EC}
	EndGlobalSection
EndGlobal
